
Microsoft Visual Studio Solution File, Format Version 12.00
# Visual Studio Version 17
VisualStudioVersion = 17.2.32630.192
MinimumVisualStudioVersion = 10.0.40219.1
Project("{FAE04EC0-301F-11D3-BF4B-00C04F79EFBC}") = "NayeemWebApi", "NayeemWebApi\NayeemWebApi.csproj", "{C5CA0134-6C62-4849-BA15-EEDEC20396A6}"
EndProject
Global
	GlobalSection(SolutionConfigurationPlatforms) = preSolution
		Debug|Any CPU = Debug|Any CPU
		Release|Any CPU = Release|Any CPU
	EndGlobalSection
	GlobalSection(ProjectConfigurationPlatforms) = postSolution
		{C5CA0134-6C62-4849-BA15-EEDEC20396A6}.Debug|Any CPU.ActiveCfg = Debug|Any CPU
		{C5CA0134-6C62-4849-BA15-EEDEC20396A6}.Debug|Any CPU.Build.0 = Debug|Any CPU
		{C5CA0134-6C62-4849-BA15-EEDEC20396A6}.Release|Any CPU.ActiveCfg = Release|Any CPU
		{C5CA0134-6C62-4849-BA15-EEDEC20396A6}.Release|Any CPU.Build.0 = Release|Any CPU
	EndGlobalSection
	GlobalSection(SolutionProperties) = preSolution
		HideSolutionNode = FALSE
	EndGlobalSection
	GlobalSection(ExtensibilityGlobals) = postSolution
		SolutionGuid = {690D548A-3001-4B44-99EA-EBFF81772B51}
	EndGlobalSection
EndGlobal
